
Microsoft Visual Studio Solution File, Format Version 12.00
# Visual Studio 15
VisualStudioVersion = 15.0.27428.2005
MinimumVisualStudioVersion = 10.0.40219.1
Project("{2150E333-8FDC-42A3-9474-1A3956D46DE8}") = "src", "src", "{E20BD85E-E295-4FCE-A525-446DE8923EC6}"
EndProject
Project("{9A19103F-16F7-4668-BE54-9A1E7A4F7556}") = "SmartCity911", "src\MyHomeSmartHub\SmartCity911.csproj", "{1FC42074-3533-44C0-A232-B1CBDC9F44F8}"
EndProject
Project("{9A19103F-16F7-4668-BE54-9A1E7A4F7556}") = "HotelSecuritySensor", "src\MyHomeSensor\HotelSecuritySensor.csproj", "{DA9EFBDD-72F0-4654-8003-2917A66A5B3C}"
EndProject
Project("{2150E333-8FDC-42A3-9474-1A3956D46DE8}") = "readme", "readme", "{18E0AD9D-9D1D-415D-BA56-BD47BD6856C8}"
	ProjectSection(SolutionItems) = preProject
		readme\README.txt = readme\README.txt
		readme\RunAndDeploy.txt = readme\RunAndDeploy.txt
	EndProjectSection
EndProject
Project("{FAE04EC0-301F-11D3-BF4B-00C04F79EFBC}") = "CloudSOAP", "src\MyHomeServerSOAP\CloudSOAP.csproj", "{7EDB7E1F-775D-47D4-ABB4-26554316F2EC}"
EndProject
Project("{9A19103F-16F7-4668-BE54-9A1E7A4F7556}") = "UdpBase", "src\UdpBase\UdpBase.csproj", "{4F0A837F-0564-4FFE-9954-F79A5407AE8D}"
EndProject
Project("{9A19103F-16F7-4668-BE54-9A1E7A4F7556}") = "KEACanteenREST", "src\KEACanteenREST\KEACanteenREST.csproj", "{0C09E5AB-E22E-4807-897D-BD0598B82802}"
EndProject
Project("{FAE04EC0-301F-11D3-BF4B-00C04F79EFBC}") = "KEAWebApp", "src\KEAWebApp\KEAWebApp.csproj", "{CC91BCEB-582F-461A-A604-11DE60EEF9B9}"
EndProject
Global
	GlobalSection(SolutionConfigurationPlatforms) = preSolution
		Debug|Any CPU = Debug|Any CPU
		Release|Any CPU = Release|Any CPU
	EndGlobalSection
	GlobalSection(ProjectConfigurationPlatforms) = postSolution
		{1FC42074-3533-44C0-A232-B1CBDC9F44F8}.Debug|Any CPU.ActiveCfg = Debug|Any CPU
		{1FC42074-3533-44C0-A232-B1CBDC9F44F8}.Debug|Any CPU.Build.0 = Debug|Any CPU
		{1FC42074-3533-44C0-A232-B1CBDC9F44F8}.Release|Any CPU.ActiveCfg = Release|Any CPU
		{1FC42074-3533-44C0-A232-B1CBDC9F44F8}.Release|Any CPU.Build.0 = Release|Any CPU
		{DA9EFBDD-72F0-4654-8003-2917A66A5B3C}.Debug|Any CPU.ActiveCfg = Debug|Any CPU
		{DA9EFBDD-72F0-4654-8003-2917A66A5B3C}.Debug|Any CPU.Build.0 = Debug|Any CPU
		{DA9EFBDD-72F0-4654-8003-2917A66A5B3C}.Release|Any CPU.ActiveCfg = Release|Any CPU
		{DA9EFBDD-72F0-4654-8003-2917A66A5B3C}.Release|Any CPU.Build.0 = Release|Any CPU
		{7EDB7E1F-775D-47D4-ABB4-26554316F2EC}.Debug|Any CPU.ActiveCfg = Debug|Any CPU
		{7EDB7E1F-775D-47D4-ABB4-26554316F2EC}.Debug|Any CPU.Build.0 = Debug|Any CPU
		{7EDB7E1F-775D-47D4-ABB4-26554316F2EC}.Release|Any CPU.ActiveCfg = Release|Any CPU
		{7EDB7E1F-775D-47D4-ABB4-26554316F2EC}.Release|Any CPU.Build.0 = Release|Any CPU
		{4F0A837F-0564-4FFE-9954-F79A5407AE8D}.Debug|Any CPU.ActiveCfg = Debug|Any CPU
		{4F0A837F-0564-4FFE-9954-F79A5407AE8D}.Debug|Any CPU.Build.0 = Debug|Any CPU
		{4F0A837F-0564-4FFE-9954-F79A5407AE8D}.Release|Any CPU.ActiveCfg = Release|Any CPU
		{4F0A837F-0564-4FFE-9954-F79A5407AE8D}.Release|Any CPU.Build.0 = Release|Any CPU
		{0C09E5AB-E22E-4807-897D-BD0598B82802}.Debug|Any CPU.ActiveCfg = Debug|Any CPU
		{0C09E5AB-E22E-4807-897D-BD0598B82802}.Debug|Any CPU.Build.0 = Debug|Any CPU
		{0C09E5AB-E22E-4807-897D-BD0598B82802}.Release|Any CPU.ActiveCfg = Release|Any CPU
		{0C09E5AB-E22E-4807-897D-BD0598B82802}.Release|Any CPU.Build.0 = Release|Any CPU
		{CC91BCEB-582F-461A-A604-11DE60EEF9B9}.Debug|Any CPU.ActiveCfg = Debug|Any CPU
		{CC91BCEB-582F-461A-A604-11DE60EEF9B9}.Debug|Any CPU.Build.0 = Debug|Any CPU
		{CC91BCEB-582F-461A-A604-11DE60EEF9B9}.Release|Any CPU.ActiveCfg = Release|Any CPU
		{CC91BCEB-582F-461A-A604-11DE60EEF9B9}.Release|Any CPU.Build.0 = Release|Any CPU
	EndGlobalSection
	GlobalSection(SolutionProperties) = preSolution
		HideSolutionNode = FALSE
	EndGlobalSection
	GlobalSection(NestedProjects) = preSolution
		{1FC42074-3533-44C0-A232-B1CBDC9F44F8} = {E20BD85E-E295-4FCE-A525-446DE8923EC6}
		{DA9EFBDD-72F0-4654-8003-2917A66A5B3C} = {E20BD85E-E295-4FCE-A525-446DE8923EC6}
		{7EDB7E1F-775D-47D4-ABB4-26554316F2EC} = {E20BD85E-E295-4FCE-A525-446DE8923EC6}
		{4F0A837F-0564-4FFE-9954-F79A5407AE8D} = {E20BD85E-E295-4FCE-A525-446DE8923EC6}
		{0C09E5AB-E22E-4807-897D-BD0598B82802} = {E20BD85E-E295-4FCE-A525-446DE8923EC6}
		{CC91BCEB-582F-461A-A604-11DE60EEF9B9} = {E20BD85E-E295-4FCE-A525-446DE8923EC6}
	EndGlobalSection
	GlobalSection(ExtensibilityGlobals) = postSolution
		SolutionGuid = {EFB8D0F2-D242-4ACE-99B3-ADCEA785E19C}
	EndGlobalSection
EndGlobal
